<?xml version="1.0" encoding="utf-8"?>
<Project ToolsVersion="4.0" xmlns="http://schemas.microsoft.com/developer/msbuild/2003">
  <ItemGroup>
    <Filter Include="Source Files">
      <UniqueIdentifier>{4FC737F1-C7A5-4376-A066-2A32D752A2FF}</UniqueIdentifier>
      <Extensions>cpp;c;cc;cxx;c++;cppm;ixx;def;odl;idl;hpj;bat;asm;asmx</Extensions>
    </Filter>
    <Filter Include="Header Files">
      <UniqueIdentifier>{93995380-89BD-4b04-88EB-625FBE52EBFB}</UniqueIdentifier>
      <Extensions>h;hh;hpp;hxx;h++;hm;inl;inc;ipp;xsd</Extensions>
    </Filter>
    <Filter Include="Resource Files">
      <UniqueIdentifier>{67DA6AB6-F800-4c08-8B7A-83BB121AAD01}</UniqueIdentifier>
      <Extensions>rc;ico;cur;bmp;dlg;rc2;rct;bin;rgs;gif;jpg;jpeg;jpe;resx;tiff;tif;png;wav;mfcribbon-ms</Extensions>
    </Filter>
  </ItemGroup>
  <ItemGroup>
    <ClInclude Include="HEADER\X86_64_EMU_SOFT\STARTUP.h">
      <Filter>Header Files</Filter>
    </ClInclude>
    <ClInclude Include="HEADER\X86_64_EMU_SOFT\SYSTEM\CPU\REGISTERS\GPR.h">
      <Filter>Header Files</Filter>
    </ClInclude>
    <ClInclude Include="HEADER\X86_64_EMU_SOFT\SYSTEM\CPU\REGISTERS\CONTROLL_REGISTERS\CR0.h">
      <Filter>Header Files</Filter>
    </ClInclude>
    <ClInclude Include="HEADER\X86_64_EMU_SOFT\HELPERS\DIFF.h">
      <Filter>Header Files</Filter>
    </ClInclude>
    <ClInclude Include="HEADER\X86_64_EMU_SOFT\SYSTEM\CPU\REGISTERS\CONTROLL_REGISTERS\CR0\CR0_DEC.h">
      <Filter>Header Files</Filter>
    </ClInclude>
    <ClInclude Include="HEADER\X86_64_EMU_SOFT\SYSTEM\CPU\REGISTERS\CONTROLL_REGISTERS\CR0\CR0_INL.h">
      <Filter>Header Files</Filter>
    </ClInclude>
    <ClInclude Include="HEADER\X86_64_EMU_SOFT\HELPERS\SET_BIT.h">
      <Filter>Header Files</Filter>
    </ClInclude>
    <ClInclude Include="HEADER\X86_64_EMU_SOFT\HELPERS\GET_BIT.h">
      <Filter>Header Files</Filter>
    </ClInclude>
    <ClInclude Include="HEADER\X86_64_EMU_SOFT\SYSTEM\CPU\EXCEPTIONS\GENERAL_PROTECTION_FAULT.h">
      <Filter>Header Files</Filter>
    </ClInclude>
    <ClInclude Include="HEADER\X86_64_EMU_SOFT\SYSTEM\CPU\REGISTERS\MSR\EFER.h">
      <Filter>Header Files</Filter>
    </ClInclude>
    <ClInclude Include="HEADER\X86_64_EMU_SOFT\SYSTEM\CPU\REGISTERS\CONTROLL_REGISTERS\CR2.h">
      <Filter>Header Files</Filter>
    </ClInclude>
    <ClInclude Include="HEADER\X86_64_EMU_SOFT\SYSTEM\CPU\CPU_STATE.h">
      <Filter>Header Files</Filter>
    </ClInclude>
    <ClInclude Include="HEADER\X86_64_EMU_SOFT\SYSTEM\SYSTEM_STATE.h">
      <Filter>Header Files</Filter>
    </ClInclude>
    <ClInclude Include="HEADER\X86_64_EMU_SOFT\SYSTEM\CPU\REGISTERS\RIP.h">
      <Filter>Header Files</Filter>
    </ClInclude>
    <ClInclude Include="HEADER\X86_64_EMU_SOFT\SYSTEM\CPU\VCORE.h">
      <Filter>Header Files</Filter>
    </ClInclude>
    <ClInclude Include="HEADER\X86_64_EMU_SOFT\SYSTEM\MEMORY\MEMORY.h">
      <Filter>Header Files</Filter>
    </ClInclude>
    <ClInclude Include="HEADER\X86_64_EMU_SOFT\SYSTEM\IO_DEVICES\MAIN_MEMORY_DEVICE.h">
      <Filter>Header Files</Filter>
    </ClInclude>
    <ClInclude Include="HEADER\X86_64_EMU_SOFT\SYSTEM\IO_DEVICES\DEVICE_BASE.h">
      <Filter>Header Files</Filter>
    </ClInclude>
    <ClInclude Include="HEADER\X86_64_EMU_SOFT\SYSTEM\IO_DEVICES\RESET_ROM.h">
      <Filter>Header Files</Filter>
    </ClInclude>
    <ClInclude Include="HEADER\X86_64_EMU_SOFT\HELPERS\CMD_PARSE.h">
      <Filter>Header Files</Filter>
    </ClInclude>
    <ClInclude Include="HEADER\X86_64_EMU_SOFT\SYSTEM\IO_DEVICES\FIRMWARE.h">
      <Filter>Header Files</Filter>
    </ClInclude>
    <ClInclude Include="HEADER\X86_64_EMU_SOFT\SYSTEM\CPU\INSTRUCTIONS\INSTRUCTION.h">
      <Filter>Header Files</Filter>
    </ClInclude>
    <ClInclude Include="HEADER\X86_64_EMU_SOFT\SYSTEM\CPU\INSTRUCTIONS\OPCODE_BYTES.h">
      <Filter>Header Files</Filter>
    </ClInclude>
    <ClInclude Include="HEADER\X86_64_EMU_SOFT\SYSTEM\CPU\EXCEPTIONS\UNDEFINED_OPCODE.h">
      <Filter>Header Files</Filter>
    </ClInclude>
    <ClInclude Include="HEADER\X86_64_EMU_SOFT\SYSTEM\CPU\REGISTERS\MSR\EFER\EFER_DEC.h">
      <Filter>Header Files</Filter>
    </ClInclude>
    <ClInclude Include="HEADER\X86_64_EMU_SOFT\SYSTEM\CPU\REGISTERS\MSR\EFER\EFER_INL.h">
      <Filter>Header Files</Filter>
    </ClInclude>
    <ClInclude Include="HEADER\X86_64_EMU_SOFT\HELPERS\MACROS.h">
      <Filter>Header Files</Filter>
    </ClInclude>
    <ClInclude Include="HEADER\X86_64_EMU_SOFT\SYSTEM\CPU\DECODING_ENGINE\DECODING_ENGINE.h">
      <Filter>Header Files</Filter>
    </ClInclude>
    <ClInclude Include="HEADER\X86_64_EMU_SOFT\SYSTEM\CPU\DECODING_ENGINE\DECODING_HANDLERS\HANDLERS_ALU.h">
      <Filter>Header Files</Filter>
    </ClInclude>
    <ClInclude Include="HEADER\X86_64_EMU_SOFT\SYSTEM\CPU\DECODING_ENGINE\DECODING_HANDLERS\PREFIX_HANDLERS.h">
      <Filter>Header Files</Filter>
    </ClInclude>
    <ClInclude Include="HEADER\X86_64_EMU_SOFT\SYSTEM\CPU\DECODING_ENGINE\DECODING_HANDLERS\HANDLERS_SPECIAL.h">
      <Filter>Header Files</Filter>
    </ClInclude>
    <ClInclude Include="HEADER\X86_64_EMU_SOFT\SYSTEM\CPU\EXECUTION_ENGINE\EXECUTION_ENGINE.h">
      <Filter>Header Files</Filter>
    </ClInclude>
    <ClInclude Include="HEADER\X86_64_EMU_SOFT\SYSTEM\CPU\EXECUTION_ENGINE\EXECUTION_HANDLERS\HANDLERS_ALU.h">
      <Filter>Header Files</Filter>
    </ClInclude>
    <ClInclude Include="HEADER\X86_64_EMU_SOFT\SYSTEM\CPU\EXECUTION_ENGINE\EXECUTION_HANDLERS\HANDLER_SPECIAL.h">
      <Filter>Header Files</Filter>
    </ClInclude>
    <ClInclude Include="HEADER\X86_64_EMU_SOFT\HELPERS\GLOBALS.h">
      <Filter>Header Files</Filter>
    </ClInclude>
    <ClInclude Include="HEADER\X86_64_EMU_SOFT\SYSTEM\CPU\REGISTERS\REGISTER_BASE.h">
      <Filter>Header Files</Filter>
    </ClInclude>
  </ItemGroup>
  <ItemGroup>
    <ClCompile Include="SOURCE\STARTUP.cpp">
      <Filter>Source Files</Filter>
    </ClCompile>
    <ClCompile Include="SOURCE\SYSTEM\CPU\REGISTERS\CONTROLL_REGISTERS\CR0.cpp">
      <Filter>Source Files</Filter>
    </ClCompile>
    <ClCompile Include="SOURCE\SYSTEM\IO_DEVICES\MAIN_MEMORY_DEVICE.cpp">
      <Filter>Source Files</Filter>
    </ClCompile>
    <ClCompile Include="SOURCE\SYSTEM\SYSTEM_STATE.cpp">
      <Filter>Source Files</Filter>
    </ClCompile>
    <ClCompile Include="SOURCE\SYSTEM\MEMORY\MEMORY.cpp">
      <Filter>Source Files</Filter>
    </ClCompile>
    <ClCompile Include="SOURCE\SYSTEM\IO_DEVICES\RESET_ROM.cpp">
      <Filter>Source Files</Filter>
    </ClCompile>
    <ClCompile Include="SOURCE\HELPERS\CMD_PARSE.cpp">
      <Filter>Source Files</Filter>
    </ClCompile>
    <ClCompile Include="SOURCE\SYSTEM\IO_DEVICES\FIRMWARE.cpp">
      <Filter>Source Files</Filter>
    </ClCompile>
    <ClCompile Include="SOURCE\SYSTEM\CPU\CPU_STATE.cpp">
      <Filter>Source Files</Filter>
    </ClCompile>
    <ClCompile Include="SOURCE\SYSTEM\CPU\VCORE.cpp">
      <Filter>Source Files</Filter>
    </ClCompile>
    <ClCompile Include="SOURCE\SYSTEM\CPU\DECODING_ENGINE\DECODING_ENGINE.cpp">
      <Filter>Source Files</Filter>
    </ClCompile>
    <ClCompile Include="SOURCE\SYSTEM\CPU\EXECUTING_ENGINE\EXECUTION_ENGINE.cpp">
      <Filter>Source Files</Filter>
    </ClCompile>
    <ClCompile Include="SOURCE\SYSTEM\CPU\INSTRUCTIONS\INSTRUCTION.cpp">
      <Filter>Source Files</Filter>
    </ClCompile>
  </ItemGroup>
  <ItemGroup>
    <None Include=".clang-tidy" />
    <None Include="very_strict.ruleset" />
    <None Include="cpp.hint" />
  </ItemGroup>
</Project>